
Microsoft Visual Studio Solution File, Format Version 12.00
# Visual Studio Version 17
VisualStudioVersion = 17.5.33424.131
MinimumVisualStudioVersion = 10.0.40219.1
Project("{FAE04EC0-301F-11D3-BF4B-00C04F79EFBC}") = "InicioManipulacaoString", "InicioManipulacaoString\InicioManipulacaoString.csproj", "{9FB2784C-9306-4271-8982-5028561AFBB7}"
EndProject
Global
	GlobalSection(SolutionConfigurationPlatforms) = preSolution
		Debug|Any CPU = Debug|Any CPU
		Release|Any CPU = Release|Any CPU
	EndGlobalSection
	GlobalSection(ProjectConfigurationPlatforms) = postSolution
		{9FB2784C-9306-4271-8982-5028561AFBB7}.Debug|Any CPU.ActiveCfg = Debug|Any CPU
		{9FB2784C-9306-4271-8982-5028561AFBB7}.Debug|Any CPU.Build.0 = Debug|Any CPU
		{9FB2784C-9306-4271-8982-5028561AFBB7}.Release|Any CPU.ActiveCfg = Release|Any CPU
		{9FB2784C-9306-4271-8982-5028561AFBB7}.Release|Any CPU.Build.0 = Release|Any CPU
	EndGlobalSection
	GlobalSection(SolutionProperties) = preSolution
		HideSolutionNode = FALSE
	EndGlobalSection
	GlobalSection(ExtensibilityGlobals) = postSolution
		SolutionGuid = {DAD7B6FC-C042-4F97-8F2E-A9A280260A24}
	EndGlobalSection
EndGlobal
